
Microsoft Visual Studio Solution File, Format Version 12.00
# Visual Studio Version 17
VisualStudioVersion = 17.9.34728.123
MinimumVisualStudioVersion = 10.0.40219.1
Project("{FAE04EC0-301F-11D3-BF4B-00C04F79EFBC}") = "csharp-biblioteca", "csharp-biblioteca\csharp-biblioteca.csproj", "{F7CA46D5-FF45-4B73-880E-26D2D7DE0B00}"
EndProject
Global
	GlobalSection(SolutionConfigurationPlatforms) = preSolution
		Debug|Any CPU = Debug|Any CPU
		Release|Any CPU = Release|Any CPU
	EndGlobalSection
	GlobalSection(ProjectConfigurationPlatforms) = postSolution
		{F7CA46D5-FF45-4B73-880E-26D2D7DE0B00}.Debug|Any CPU.ActiveCfg = Debug|Any CPU
		{F7CA46D5-FF45-4B73-880E-26D2D7DE0B00}.Debug|Any CPU.Build.0 = Debug|Any CPU
		{F7CA46D5-FF45-4B73-880E-26D2D7DE0B00}.Release|Any CPU.ActiveCfg = Release|Any CPU
		{F7CA46D5-FF45-4B73-880E-26D2D7DE0B00}.Release|Any CPU.Build.0 = Release|Any CPU
	EndGlobalSection
	GlobalSection(SolutionProperties) = preSolution
		HideSolutionNode = FALSE
	EndGlobalSection
	GlobalSection(ExtensibilityGlobals) = postSolution
		SolutionGuid = {FA1B65D9-DC51-49BD-A87C-E5338BFFE3A5}
	EndGlobalSection
EndGlobal
